
Microsoft Visual Studio Solution File, Format Version 12.00
# Visual Studio Version 16
VisualStudioVersion = 16.0.29806.167
MinimumVisualStudioVersion = 10.0.40219.1
Project("{FAE04EC0-301F-11D3-BF4B-00C04F79EFBC}") = "Diff", "Diff\Diff.csproj", "{72B52E99-3158-4332-BF21-2C688FAB3433}"
EndProject
Project("{FAE04EC0-301F-11D3-BF4B-00C04F79EFBC}") = "DiffTest", "DiffTest\DiffTest.csproj", "{A3F64589-4556-43E8-9179-D1793FEF1653}"
EndProject
Global
	GlobalSection(SolutionConfigurationPlatforms) = preSolution
		Debug|Any CPU = Debug|Any CPU
		Release|Any CPU = Release|Any CPU
	EndGlobalSection
	GlobalSection(ProjectConfigurationPlatforms) = postSolution
		{72B52E99-3158-4332-BF21-2C688FAB3433}.Debug|Any CPU.ActiveCfg = Debug|Any CPU
		{72B52E99-3158-4332-BF21-2C688FAB3433}.Debug|Any CPU.Build.0 = Debug|Any CPU
		{72B52E99-3158-4332-BF21-2C688FAB3433}.Release|Any CPU.ActiveCfg = Release|Any CPU
		{72B52E99-3158-4332-BF21-2C688FAB3433}.Release|Any CPU.Build.0 = Release|Any CPU
		{A3F64589-4556-43E8-9179-D1793FEF1653}.Debug|Any CPU.ActiveCfg = Debug|Any CPU
		{A3F64589-4556-43E8-9179-D1793FEF1653}.Debug|Any CPU.Build.0 = Debug|Any CPU
		{A3F64589-4556-43E8-9179-D1793FEF1653}.Release|Any CPU.ActiveCfg = Release|Any CPU
		{A3F64589-4556-43E8-9179-D1793FEF1653}.Release|Any CPU.Build.0 = Release|Any CPU
	EndGlobalSection
	GlobalSection(SolutionProperties) = preSolution
		HideSolutionNode = FALSE
	EndGlobalSection
	GlobalSection(ExtensibilityGlobals) = postSolution
		SolutionGuid = {4A38C8F7-65D3-4287-BB3F-46869DDAB0F6}
	EndGlobalSection
EndGlobal
